
Microsoft Visual Studio Solution File, Format Version 12.00
# Visual Studio Version 17
VisualStudioVersion = 17.0.32126.317
MinimumVisualStudioVersion = 10.0.40219.1
Project("{9A19103F-16F7-4668-BE54-9A1E7A4F7556}") = "ta_task_1", "ta_task_1.csproj", "{6B8B0B4D-6CA6-4D92-B25E-DB6980973626}"
EndProject
Global
	GlobalSection(SolutionConfigurationPlatforms) = preSolution
		Debug|Any CPU = Debug|Any CPU
		Release|Any CPU = Release|Any CPU
	EndGlobalSection
	GlobalSection(ProjectConfigurationPlatforms) = postSolution
		{6B8B0B4D-6CA6-4D92-B25E-DB6980973626}.Debug|Any CPU.ActiveCfg = Debug|Any CPU
		{6B8B0B4D-6CA6-4D92-B25E-DB6980973626}.Debug|Any CPU.Build.0 = Debug|Any CPU
		{6B8B0B4D-6CA6-4D92-B25E-DB6980973626}.Release|Any CPU.ActiveCfg = Release|Any CPU
		{6B8B0B4D-6CA6-4D92-B25E-DB6980973626}.Release|Any CPU.Build.0 = Release|Any CPU
	EndGlobalSection
	GlobalSection(SolutionProperties) = preSolution
		HideSolutionNode = FALSE
	EndGlobalSection
	GlobalSection(ExtensibilityGlobals) = postSolution
		SolutionGuid = {13805087-F973-4045-9CB0-0530D5D312C8}
	EndGlobalSection
EndGlobal
